// !$*UTF8*$!
{
	archiveVersion = 1;
	classes = {
	};
	objectVersion = 50;
	objects = {

/* Begin PBXBuildFile section */
		F1A5A6C22440167400FB2BC6 /* AppDelegate.swift in Sources */ = {isa = PBXBuildFile; fileRef = F1A5A6C12440167400FB2BC6 /* AppDelegate.swift */; };
		F1A5A6C42440167400FB2BC6 /* SceneDelegate.swift in Sources */ = {isa = PBXBuildFile; fileRef = F1A5A6C32440167400FB2BC6 /* SceneDelegate.swift */; };
		F1A5A6C62440167400FB2BC6 /* MemeEditorViewController.swift in Sources */ = {isa = PBXBuildFile; fileRef = F1A5A6C52440167400FB2BC6 /* MemeEditorViewController.swift */; };
		F1A5A6C92440167400FB2BC6 /* Main.storyboard in Resources */ = {isa = PBXBuildFile; fileRef = F1A5A6C72440167400FB2BC6 /* Main.storyboard */; };
		F1A5A6CB2440167600FB2BC6 /* Assets.xcassets in Resources */ = {isa = PBXBuildFile; fileRef = F1A5A6CA2440167600FB2BC6 /* Assets.xcassets */; };
		F1A5A6CE2440167600FB2BC6 /* LaunchScreen.storyboard in Resources */ = {isa = PBXBuildFile; fileRef = F1A5A6CC2440167600FB2BC6 /* LaunchScreen.storyboard */; };
		F1B8A4F024452CBF00288D0C /* SentMemesCollectionViewController.swift in Sources */ = {isa = PBXBuildFile; fileRef = F1B8A4EF24452CBF00288D0C /* SentMemesCollectionViewController.swift */; };
		F1B8A4F224452CCF00288D0C /* SentMemesTableViewController.swift in Sources */ = {isa = PBXBuildFile; fileRef = F1B8A4F124452CCF00288D0C /* SentMemesTableViewController.swift */; };
		F1B8A4F4244534F700288D0C /* MemeCollectionViewCell.swift in Sources */ = {isa = PBXBuildFile; fileRef = F1B8A4F3244534F700288D0C /* MemeCollectionViewCell.swift */; };
		F1B8A4F62446497D00288D0C /* SentMemesTabViewController.swift in Sources */ = {isa = PBXBuildFile; fileRef = F1B8A4F52446497D00288D0C /* SentMemesTabViewController.swift */; };
		F1B8A4F824464F3000288D0C /* MemeDetailViewController.swift in Sources */ = {isa = PBXBuildFile; fileRef = F1B8A4F724464F3000288D0C /* MemeDetailViewController.swift */; };
		F1B8A4FB244652F200288D0C /* Meme.swift in Sources */ = {isa = PBXBuildFile; fileRef = F1B8A4FA244652F200288D0C /* Meme.swift */; };
/* End PBXBuildFile section */

/* Begin PBXFileReference section */
		F1A5A6BE2440167400FB2BC6 /* MemeMe.app */ = {isa = PBXFileReference; explicitFileType = wrapper.application; includeInIndex = 0; path = MemeMe.app; sourceTree = BUILT_PRODUCTS_DIR; };
		F1A5A6C12440167400FB2BC6 /* AppDelegate.swift */ = {isa = PBXFileReference; lastKnownFileType = sourcecode.swift; path = AppDelegate.swift; sourceTree = "<group>"; };
		F1A5A6C32440167400FB2BC6 /* SceneDelegate.swift */ = {isa = PBXFileReference; lastKnownFileType = sourcecode.swift; path = SceneDelegate.swift; sourceTree = "<group>"; };
		F1A5A6C52440167400FB2BC6 /* MemeEditorViewController.swift */ = {isa = PBXFileReference; lastKnownFileType = sourcecode.swift; path = MemeEditorViewController.swift; sourceTree = "<group>"; };
		F1A5A6C82440167400FB2BC6 /* Base */ = {isa = PBXFileReference; lastKnownFileType = file.storyboard; name = Base; path = Base.lproj/Main.storyboard; sourceTree = "<group>"; };
		F1A5A6CA2440167600FB2BC6 /* Assets.xcassets */ = {isa = PBXFileReference; lastKnownFileType = folder.assetcatalog; path = Assets.xcassets; sourceTree = "<group>"; };
		F1A5A6CD2440167600FB2BC6 /* Base */ = {isa = PBXFileReference; lastKnownFileType = file.storyboard; name = Base; path = Base.lproj/LaunchScreen.storyboard; sourceTree = "<group>"; };
		F1A5A6CF2440167600FB2BC6 /* Info.plist */ = {isa = PBXFileReference; lastKnownFileType = text.plist.xml; path = Info.plist; sourceTree = "<group>"; };
		F1B8A4EF24452CBF00288D0C /* SentMemesCollectionViewController.swift */ = {isa = PBXFileReference; lastKnownFileType = sourcecode.swift; path = SentMemesCollectionViewController.swift; sourceTree = "<group>"; };
		F1B8A4F124452CCF00288D0C /* SentMemesTableViewController.swift */ = {isa = PBXFileReference; lastKnownFileType = sourcecode.swift; path = SentMemesTableViewController.swift; sourceTree = "<group>"; };
		F1B8A4F3244534F700288D0C /* MemeCollectionViewCell.swift */ = {isa = PBXFileReference; lastKnownFileType = sourcecode.swift; path = MemeCollectionViewCell.swift; sourceTree = "<group>"; };
		F1B8A4F52446497D00288D0C /* SentMemesTabViewController.swift */ = {isa = PBXFileReference; lastKnownFileType = sourcecode.swift; path = SentMemesTabViewController.swift; sourceTree = "<group>"; };
		F1B8A4F724464F3000288D0C /* MemeDetailViewController.swift */ = {isa = PBXFileReference; lastKnownFileType = sourcecode.swift; path = MemeDetailViewController.swift; sourceTree = "<group>"; };
		F1B8A4FA244652F200288D0C /* Meme.swift */ = {isa = PBXFileReference; lastKnownFileType = sourcecode.swift; path = Meme.swift; sourceTree = "<group>"; };
/* End PBXFileReference section */

/* Begin PBXFrameworksBuildPhase section */
		F1A5A6BB2440167400FB2BC6 /* Frameworks */ = {
			isa = PBXFrameworksBuildPhase;
			buildActionMask = 2147483647;
			files = (
			);
			runOnlyForDeploymentPostprocessing = 0;
		};
/* End PBXFrameworksBuildPhase section */

/* Begin PBXGroup section */
		F1A5A6B52440167400FB2BC6 = {
			isa = PBXGroup;
			children = (
				F1A5A6C02440167400FB2BC6 /* MemeMe */,
				F1A5A6BF2440167400FB2BC6 /* Products */,
			);
			sourceTree = "<group>";
		};
		F1A5A6BF2440167400FB2BC6 /* Products */ = {
			isa = PBXGroup;
			children = (
				F1A5A6BE2440167400FB2BC6 /* MemeMe.app */,
			);
			name = Products;
			sourceTree = "<group>";
		};
		F1A5A6C02440167400FB2BC6 /* MemeMe */ = {
			isa = PBXGroup;
			children = (
				F1A5A6C12440167400FB2BC6 /* AppDelegate.swift */,
				F1A5A6C32440167400FB2BC6 /* SceneDelegate.swift */,
				F1A5A6C52440167400FB2BC6 /* MemeEditorViewController.swift */,
				F1B8A4F52446497D00288D0C /* SentMemesTabViewController.swift */,
				F1B8A4F124452CCF00288D0C /* SentMemesTableViewController.swift */,
				F1B8A4EF24452CBF00288D0C /* SentMemesCollectionViewController.swift */,
				F1B8A4F724464F3000288D0C /* MemeDetailViewController.swift */,
				F1B8A4F3244534F700288D0C /* MemeCollectionViewCell.swift */,
				F1A5A6C72440167400FB2BC6 /* Main.storyboard */,
				F1B8A4FA244652F200288D0C /* Meme.swift */,
				F1A5A6CA2440167600FB2BC6 /* Assets.xcassets */,
				F1A5A6CC2440167600FB2BC6 /* LaunchScreen.storyboard */,
				F1A5A6CF2440167600FB2BC6 /* Info.plist */,
			);
			path = MemeMe;
			sourceTree = "<group>";
		};
/* End PBXGroup section */

/* Begin PBXNativeTarget section */
		F1A5A6BD2440167400FB2BC6 /* MemeMe */ = {
			isa = PBXNativeTarget;
			buildConfigurationList = F1A5A6D22440167600FB2BC6 /* Build configuration list for PBXNativeTarget "MemeMe" */;
			buildPhases = (
				F1A5A6BA2440167400FB2BC6 /* Sources */,
				F1A5A6BB2440167400FB2BC6 /* Frameworks */,
				F1A5A6BC2440167400FB2BC6 /* Resources */,
			);
			buildRules = (
			);
			dependencies = (
			);
			name = MemeMe;
			productName = MemeMe;
			productReference = F1A5A6BE2440167400FB2BC6 /* MemeMe.app */;
			productType = "com.apple.product-type.application";
		};
/* End PBXNativeTarget section */

/* Begin PBXProject section */
		F1A5A6B62440167400FB2BC6 /* Project object */ = {
			isa = PBXProject;
			attributes = {
				LastSwiftUpdateCheck = 1140;
				LastUpgradeCheck = 1140;
				ORGANIZATIONNAME = KaiDrumm;
				TargetAttributes = {
					F1A5A6BD2440167400FB2BC6 = {
						CreatedOnToolsVersion = 11.4;
					};
				};
			};
			buildConfigurationList = F1A5A6B92440167400FB2BC6 /* Build configuration list for PBXProject "MemeMe" */;
			compatibilityVersion = "Xcode 9.3";
			developmentRegion = en;
			hasScannedForEncodings = 0;
			knownRegions = (
				en,
				Base,
			);
			mainGroup = F1A5A6B52440167400FB2BC6;
			productRefGroup = F1A5A6BF2440167400FB2BC6 /* Products */;
			projectDirPath = "";
			projectRoot = "";
			targets = (
				F1A5A6BD2440167400FB2BC6 /* MemeMe */,
			);
		};
/* End PBXProject section */

/* Begin PBXResourcesBuildPhase section */
		F1A5A6BC2440167400FB2BC6 /* Resources */ = {
			isa = PBXResourcesBuildPhase;
			buildActionMask = 2147483647;
			files = (
				F1A5A6CE2440167600FB2BC6 /* LaunchScreen.storyboard in Resources */,
				F1A5A6CB2440167600FB2BC6 /* Assets.xcassets in Resources */,
				F1A5A6C92440167400FB2BC6 /* Main.storyboard in Resources */,
			);
			runOnlyForDeploymentPostprocessing = 0;
		};
/* End PBXResourcesBuildPhase section */

/* Begin PBXSourcesBuildPhase section */
		F1A5A6BA2440167400FB2BC6 /* Sources */ = {
			isa = PBXSourcesBuildPhase;
			buildActionMask = 2147483647;
			files = (
				F1B8A4F4244534F700288D0C /* MemeCollectionViewCell.swift in Sources */,
				F1A5A6C62440167400FB2BC6 /* MemeEditorViewController.swift in Sources */,
				F1A5A6C22440167400FB2BC6 /* AppDelegate.swift in Sources */,
				F1B8A4F024452CBF00288D0C /* SentMemesCollectionViewController.swift in Sources */,
				F1B8A4F62446497D00288D0C /* SentMemesTabViewController.swift in Sources */,
				F1B8A4F224452CCF00288D0C /* SentMemesTableViewController.swift in Sources */,
				F1B8A4FB244652F200288D0C /* Meme.swift in Sources */,
				F1A5A6C42440167400FB2BC6 /* SceneDelegate.swift in Sources */,
				F1B8A4F824464F3000288D0C /* MemeDetailViewController.swift in Sources */,
			);
			runOnlyForDeploymentPostprocessing = 0;
		};
/* End PBXSourcesBuildPhase section */

/* Begin PBXVariantGroup section */
		F1A5A6C72440167400FB2BC6 /* Main.storyboard */ = {
			isa = PBXVariantGroup;
			children = (
				F1A5A6C82440167400FB2BC6 /* Base */,
			);
			name = Main.storyboard;
			sourceTree = "<group>";
		};
		F1A5A6CC2440167600FB2BC6 /* LaunchScreen.storyboard */ = {
			isa = PBXVariantGroup;
			children = (
				F1A5A6CD2440167600FB2BC6 /* Base */,
			);
			name = LaunchScreen.storyboard;
			sourceTree = "<group>";
		};
/* End PBXVariantGroup section */

/* Begin XCBuildConfiguration section */
		F1A5A6D02440167600FB2BC6 /* Debug */ = {
			isa = XCBuildConfiguration;
			buildSettings = {
				ALWAYS_SEARCH_USER_PATHS = NO;
				CLANG_ANALYZER_NONNULL = YES;
				CLANG_ANALYZER_NUMBER_OBJECT_CONVERSION = YES_AGGRESSIVE;
				CLANG_CXX_LANGUAGE_STANDARD = "gnu++14";
				CLANG_CXX_LIBRARY = "libc++";
				CLANG_ENABLE_MODULES = YES;
				CLANG_ENABLE_OBJC_ARC = YES;
				CLANG_ENABLE_OBJC_WEAK = YES;
				CLANG_WARN_BLOCK_CAPTURE_AUTORELEASING = YES;
				CLANG_WARN_BOOL_CONVERSION = YES;
				CLANG_WARN_COMMA = YES;
				CLANG_WARN_CONSTANT_CONVERSION = YES;
				CLANG_WARN_DEPRECATED_OBJC_IMPLEMENTATIONS = YES;
				CLANG_WARN_DIRECT_OBJC_ISA_USAGE = YES_ERROR;
				CLANG_WARN_DOCUMENTATION_COMMENTS = YES;
				CLANG_WARN_EMPTY_BODY = YES;
				CLANG_WARN_ENUM_CONVERSION = YES;
				CLANG_WARN_INFINITE_RECURSION = YES;
				CLANG_WARN_INT_CONVERSION = YES;
				CLANG_WARN_NON_LITERAL_NULL_CONVERSION = YES;
				CLANG_WARN_OBJC_IMPLICIT_RETAIN_SELF = YES;
				CLANG_WARN_OBJC_LITERAL_CONVERSION = YES;
				CLANG_WARN_OBJC_ROOT_CLASS = YES_ERROR;
				CLANG_WARN_RANGE_LOOP_ANALYSIS = YES;
				CLANG_WARN_STRICT_PROTOTYPES = YES;
				CLANG_WARN_SUSPICIOUS_MOVE = YES;
				CLANG_WARN_UNGUARDED_AVAILABILITY = YES_AGGRESSIVE;
				CLANG_WARN_UNREACHABLE_CODE = YES;
				CLANG_WARN__DUPLICATE_METHOD_MATCH = YES;
				COPY_PHASE_STRIP = NO;
				DEBUG_INFORMATION_FORMAT = dwarf;
				ENABLE_STRICT_OBJC_MSGSEND = YES;
				ENABLE_TESTABILITY = YES;
				GCC_C_LANGUAGE_STANDARD = gnu11;
				GCC_DYNAMIC_NO_PIC = NO;
				GCC_NO_COMMON_BLOCKS = YES;
				GCC_OPTIMIZATION_LEVEL = 0;
				GCC_PREPROCESSOR_DEFINITIONS = (
					"DEBUG=1",
					"$(inherited)",
				);
				GCC_WARN_64_TO_32_BIT_CONVERSION = YES;
				GCC_WARN_ABOUT_RETURN_TYPE = YES_ERROR;
				GCC_WARN_UNDECLARED_SELECTOR = YES;
				GCC_WARN_UNINITIALIZED_AUTOS = YES_AGGRESSIVE;
				GCC_WARN_UNUSED_FUNCTION = YES;
				GCC_WARN_UNUSED_VARIABLE = YES;
				IPHONEOS_DEPLOYMENT_TARGET = 13.4;
				MTL_ENABLE_DEBUG_INFO = INCLUDE_SOURCE;
				MTL_FAST_MATH = YES;
				ONLY_ACTIVE_ARCH = YES;
				SDKROOT = iphoneos;
				SWIFT_ACTIVE_COMPILATION_CONDITIONS = DEBUG;
				SWIFT_OPTIMIZATION_LEVEL = "-Onone";
			};
			name = Debug;
		};
		F1A5A6D12440167600FB2BC6 /* Release */ = {
			isa = XCBuildConfiguration;
			buildSettings = {
				ALWAYS_SEARCH_USER_PATHS = NO;
				CLANG_ANALYZER_NONNULL = YES;
				CLANG_ANALYZER_NUMBER_OBJECT_CONVERSION = YES_AGGRESSIVE;
				CLANG_CXX_LANGUAGE_STANDARD = "gnu++14";
				CLANG_CXX_LIBRARY = "libc++";
				CLANG_ENABLE_MODULES = YES;
				CLANG_ENABLE_OBJC_ARC = YES;
				CLANG_ENABLE_OBJC_WEAK = YES;
				CLANG_WARN_BLOCK_CAPTURE_AUTORELEASING = YES;
				CLANG_WARN_BOOL_CONVERSION = YES;
				CLANG_WARN_COMMA = YES;
				CLANG_WARN_CONSTANT_CONVERSION = YES;
				CLANG_WARN_DEPRECATED_OBJC_IMPLEMENTATIONS = YES;
				CLANG_WARN_DIRECT_OBJC_ISA_USAGE = YES_ERROR;
				CLANG_WARN_DOCUMENTATION_COMMENTS = YES;
				CLANG_WARN_EMPTY_BODY = YES;
				CLANG_WARN_ENUM_CONVERSION = YES;
				CLANG_WARN_INFINITE_RECURSION = YES;
				CLANG_WARN_INT_CONVERSION = YES;
				CLANG_WARN_NON_LITERAL_NULL_CONVERSION = YES;
				CLANG_WARN_OBJC_IMPLICIT_RETAIN_SELF = YES;
				CLANG_WARN_OBJC_LITERAL_CONVERSION = YES;
				CLANG_WARN_OBJC_ROOT_CLASS = YES_ERROR;
				CLANG_WARN_RANGE_LOOP_ANALYSIS = YES;
				CLANG_WARN_STRICT_PROTOTYPES = YES;
				CLANG_WARN_SUSPICIOUS_MOVE = YES;
				CLANG_WARN_UNGUARDED_AVAILABILITY = YES_AGGRESSIVE;
				CLANG_WARN_UNREACHABLE_CODE = YES;
				CLANG_WARN__DUPLICATE_METHOD_MATCH = YES;
				COPY_PHASE_STRIP = NO;
				DEBUG_INFORMATION_FORMAT = "dwarf-with-dsym";
				ENABLE_NS_ASSERTIONS = NO;
				ENABLE_STRICT_OBJC_MSGSEND = YES;
				GCC_C_LANGUAGE_STANDARD = gnu11;
				GCC_NO_COMMON_BLOCKS = YES;
				GCC_WARN_64_TO_32_BIT_CONVERSION = YES;
				GCC_WARN_ABOUT_RETURN_TYPE = YES_ERROR;
				GCC_WARN_UNDECLARED_SELECTOR = YES;
				GCC_WARN_UNINITIALIZED_AUTOS = YES_AGGRESSIVE;
				GCC_WARN_UNUSED_FUNCTION = YES;
				GCC_WARN_UNUSED_VARIABLE = YES;
				IPHONEOS_DEPLOYMENT_TARGET = 13.4;
				MTL_ENABLE_DEBUG_INFO = NO;
				MTL_FAST_MATH = YES;
				SDKROOT = iphoneos;
				SWIFT_COMPILATION_MODE = wholemodule;
				SWIFT_OPTIMIZATION_LEVEL = "-O";
				VALIDATE_PRODUCT = YES;
			};
			name = Release;
		};
		F1A5A6D32440167600FB2BC6 /* Debug */ = {
			isa = XCBuildConfiguration;
			buildSettings = {
				ASSETCATALOG_COMPILER_APPICON_NAME = AppIcon;
				CODE_SIGN_STYLE = Automatic;
				INFOPLIST_FILE = MemeMe/Info.plist;
				LD_RUNPATH_SEARCH_PATHS = (
					"$(inherited)",
					"@executable_path/Frameworks",
				);
				PRODUCT_BUNDLE_IDENTIFIER = kai.MemeMe;
				PRODUCT_NAME = "$(TARGET_NAME)";
				SWIFT_VERSION = 5.0;
				TARGETED_DEVICE_FAMILY = "1,2";
			};
			name = Debug;
		};
		F1A5A6D42440167600FB2BC6 /* Release */ = {
			isa = XCBuildConfiguration;
			buildSettings = {
				ASSETCATALOG_COMPILER_APPICON_NAME = AppIcon;
				CODE_SIGN_STYLE = Automatic;
				INFOPLIST_FILE = MemeMe/Info.plist;
				LD_RUNPATH_SEARCH_PATHS = (
					"$(inherited)",
					"@executable_path/Frameworks",
				);
				PRODUCT_BUNDLE_IDENTIFIER = kai.MemeMe;
				PRODUCT_NAME = "$(TARGET_NAME)";
				SWIFT_VERSION = 5.0;
				TARGETED_DEVICE_FAMILY = "1,2";
			};
			name = Release;
		};
/* End XCBuildConfiguration section */

/* Begin XCConfigurationList section */
		F1A5A6B92440167400FB2BC6 /* Build configuration list for PBXProject "MemeMe" */ = {
			isa = XCConfigurationList;
			buildConfigurations = (
				F1A5A6D02440167600FB2BC6 /* Debug */,
				F1A5A6D12440167600FB2BC6 /* Release */,
			);
			defaultConfigurationIsVisible = 0;
			defaultConfigurationName = Release;
		};
		F1A5A6D22440167600FB2BC6 /* Build configuration list for PBXNativeTarget "MemeMe" */ = {
			isa = XCConfigurationList;
			buildConfigurations = (
				F1A5A6D32440167600FB2BC6 /* Debug */,
				F1A5A6D42440167600FB2BC6 /* Release */,
			);
			defaultConfigurationIsVisible = 0;
			defaultConfigurationName = Release;
		};
/* End XCConfigurationList section */
	};
	rootObject = F1A5A6B62440167400FB2BC6 /* Project object */;
}
